{
  "lockfile_version": "1",
  "packages": {
    "bundler": {
      "resolved": "github:NixOS/nixpkgs/59682e0069f0ed0a452e2179a7f4c1f247027b9e?narHash=sha256-x8i%2BHYAulduMlM63oxWJj5tAm%2BSc%2FW756wUzcV5p24w%3D#bundler",
      "source": "nixpkg",
      "systems": {
        "x86_64-linux": {
          "outputs": [
            {
              "path": "/nix/store/br1vpqmmx8zvvhcvkxlh9cxf3p5vv468-bundler-2.7.2",
              "default": true
            }
          ]
        }
      }
    },
    "github:NixOS/nixpkgs/nixpkgs-unstable": {
      "last_modified": "2026-07-27T08:35:34Z",
      "resolved": "github:NixOS/nixpkgs/38a4887411571457d700c51c64a6e49ead2ed5ab?lastModified=1785141334&narHash=sha256-kh35kIx7el4Jk8Ki3BH9%2FPn1eZYSYLJ6LMALos0zOy0%3D"
    },
    "graphicsmagick@latest": {
      "last_modified": "2026-07-23T05:10:05Z",
      "resolved": "github:NixOS/nixpkgs/7525d999cd850b9a488817abc89c75dc733acf17#graphicsmagick",
      "source": "devbox-search",
      "version": "1.3.47",
      "systems": {
        "aarch64-darwin": {
          "outputs": [
            {
              "name": "out",
              "path": "/nix/store/hwxixmd49rqdw7i8vqv7k4f5x1ngy8wy-graphicsmagick-1.3.47",
              "default": true
            },
            {
              "name": "man",
              "path": "/nix/store/j79d6xwa5awirf9kcvlq03s13732n9ql-graphicsmagick-1.3.47-man",
              "default": true
            }
          ],
          "store_path": "/nix/store/hwxixmd49rqdw7i8vqv7k4f5x1ngy8wy-graphicsmagick-1.3.47"
        },
        "aarch64-linux": {
          "outputs": [
            {
              "name": "out",
              "path": "/nix/store/mgl63nk0wn5ibxq108v6pyq7bvda3hwz-graphicsmagick-1.3.47",
              "default": true
            },
            {
              "name": "man",
              "path": "/nix/store/21pwd3c2g9q1y0m4i5vvpfjwhwcl2jbp-graphicsmagick-1.3.47-man",
              "default": true
            }
          ],
          "store_path": "/nix/store/mgl63nk0wn5ibxq108v6pyq7bvda3hwz-graphicsmagick-1.3.47"
        },
        "x86_64-darwin": {
          "outputs": [
            {
              "name": "out",
              "path": "/nix/store/8zyxmn9vzjq5h62difpcdg83skc5g428-graphicsmagick-1.3.47",
              "default": true
            },
            {
              "name": "man",
              "path": "/nix/store/107d5mpkvcs9idx5ya6ksfsnz295ip4z-graphicsmagick-1.3.47-man",
              "default": true
            }
          ],
          "store_path": "/nix/store/8zyxmn9vzjq5h62difpcdg83skc5g428-graphicsmagick-1.3.47"
        },
        "x86_64-linux": {
          "outputs": [
            {
              "name": "out",
              "path": "/nix/store/wv49lswglnrp08g144hmh2jcw3q6zbha-graphicsmagick-1.3.47",
              "default": true
            },
            {
              "name": "man",
              "path": "/nix/store/nj2q48dxb81p9d0v3gl367zzb8sxh92i-graphicsmagick-1.3.47-man",
              "default": true
            }
          ],
          "store_path": "/nix/store/wv49lswglnrp08g144hmh2jcw3q6zbha-graphicsmagick-1.3.47"
        }
      }
    },
    "nodejs": {
      "plugin_version": "0.0.2",
      "resolved": "github:NixOS/nixpkgs/59682e0069f0ed0a452e2179a7f4c1f247027b9e?narHash=sha256-x8i%2BHYAulduMlM63oxWJj5tAm%2BSc%2FW756wUzcV5p24w%3D#nodejs",
      "source": "nixpkg",
      "systems": {
        "x86_64-linux": {
          "outputs": [
            {
              "path": "/nix/store/lnfxdsvvm1srsa9kk94s7jqw06yq1h2d-nodejs-24.18.0",
              "default": true
            }
          ]
        }
      }
    },
    "ruby": {
      "plugin_version": "0.0.2",
      "resolved": "github:NixOS/nixpkgs/59682e0069f0ed0a452e2179a7f4c1f247027b9e?narHash=sha256-x8i%2BHYAulduMlM63oxWJj5tAm%2BSc%2FW756wUzcV5p24w%3D#ruby",
      "source": "nixpkg",
      "systems": {
        "x86_64-linux": {
          "outputs": [
            {
              "path": "/nix/store/k5zrvznvg3h4b7spivvflxsb1xxw1i0k-ruby-3.4.9",
              "default": true
            }
          ]
        }
      }
    }
  }
}
